
Microsoft Visual Studio Solution File, Format Version 12.00
# Visual Studio Version 16
VisualStudioVersion = 16.0.31911.196
MinimumVisualStudioVersion = 10.0.40219.1
Project("{FAE04EC0-301F-11D3-BF4B-00C04F79EFBC}") = "HotelCatalogueWebApi", "HotelCatalogueWebApi\HotelCatalogueWebApi.csproj", "{944B3267-8C45-4B05-8820-5D933AD8EB71}"
EndProject
Global
	GlobalSection(SolutionConfigurationPlatforms) = preSolution
		Debug|Any CPU = Debug|Any CPU
		Release|Any CPU = Release|Any CPU
	EndGlobalSection
	GlobalSection(ProjectConfigurationPlatforms) = postSolution
		{944B3267-8C45-4B05-8820-5D933AD8EB71}.Debug|Any CPU.ActiveCfg = Debug|Any CPU
		{944B3267-8C45-4B05-8820-5D933AD8EB71}.Debug|Any CPU.Build.0 = Debug|Any CPU
		{944B3267-8C45-4B05-8820-5D933AD8EB71}.Release|Any CPU.ActiveCfg = Release|Any CPU
		{944B3267-8C45-4B05-8820-5D933AD8EB71}.Release|Any CPU.Build.0 = Release|Any CPU
	EndGlobalSection
	GlobalSection(SolutionProperties) = preSolution
		HideSolutionNode = FALSE
	EndGlobalSection
	GlobalSection(ExtensibilityGlobals) = postSolution
		SolutionGuid = {0816D595-06D2-438D-8DC4-20F14480D119}
	EndGlobalSection
EndGlobal
